
Microsoft Visual Studio Solution File, Format Version 12.00
# Visual Studio Version 17
VisualStudioVersion = 17.3.32825.248
MinimumVisualStudioVersion = 10.0.40219.1
Project("{FAE04EC0-301F-11D3-BF4B-00C04F79EFBC}") = "TasksAPI", "TasksAPI\TasksAPI.csproj", "{6363EF05-E586-4986-A5E0-262ABDC9B457}"
EndProject
Global
	GlobalSection(SolutionConfigurationPlatforms) = preSolution
		Debug|Any CPU = Debug|Any CPU
		Release|Any CPU = Release|Any CPU
	EndGlobalSection
	GlobalSection(ProjectConfigurationPlatforms) = postSolution
		{6363EF05-E586-4986-A5E0-262ABDC9B457}.Debug|Any CPU.ActiveCfg = Debug|Any CPU
		{6363EF05-E586-4986-A5E0-262ABDC9B457}.Debug|Any CPU.Build.0 = Debug|Any CPU
		{6363EF05-E586-4986-A5E0-262ABDC9B457}.Release|Any CPU.ActiveCfg = Release|Any CPU
		{6363EF05-E586-4986-A5E0-262ABDC9B457}.Release|Any CPU.Build.0 = Release|Any CPU
	EndGlobalSection
	GlobalSection(SolutionProperties) = preSolution
		HideSolutionNode = FALSE
	EndGlobalSection
	GlobalSection(ExtensibilityGlobals) = postSolution
		SolutionGuid = {EA3B394B-8833-469F-BCD3-57135591410E}
	EndGlobalSection
EndGlobal
